
Microsoft Visual Studio Solution File, Format Version 12.00
# Visual Studio Version 17
VisualStudioVersion = 17.12.35521.163
MinimumVisualStudioVersion = 10.0.40219.1
Project("{FAE04EC0-301F-11D3-BF4B-00C04F79EFBC}") = "VisitorManagement.Api", "VisitorManagement.Api\VisitorManagement.Api.csproj", "{0A132D0F-CC40-4D0D-9A82-7C776D5EF0CA}"
EndProject
Project("{FAE04EC0-301F-11D3-BF4B-00C04F79EFBC}") = "VisitorManagement.Api.Tests", "VisitorManagement.Api.Tests\VisitorManagement.Api.Tests.csproj", "{430BF0AD-4316-4E0D-A5CD-0C28930D0B04}"
EndProject
Global
	GlobalSection(SolutionConfigurationPlatforms) = preSolution
		Debug|Any CPU = Debug|Any CPU
		Release|Any CPU = Release|Any CPU
	EndGlobalSection
	GlobalSection(ProjectConfigurationPlatforms) = postSolution
		{0A132D0F-CC40-4D0D-9A82-7C776D5EF0CA}.Debug|Any CPU.ActiveCfg = Debug|Any CPU
		{0A132D0F-CC40-4D0D-9A82-7C776D5EF0CA}.Debug|Any CPU.Build.0 = Debug|Any CPU
		{0A132D0F-CC40-4D0D-9A82-7C776D5EF0CA}.Release|Any CPU.ActiveCfg = Release|Any CPU
		{0A132D0F-CC40-4D0D-9A82-7C776D5EF0CA}.Release|Any CPU.Build.0 = Release|Any CPU
		{430BF0AD-4316-4E0D-A5CD-0C28930D0B04}.Debug|Any CPU.ActiveCfg = Debug|Any CPU
		{430BF0AD-4316-4E0D-A5CD-0C28930D0B04}.Debug|Any CPU.Build.0 = Debug|Any CPU
		{430BF0AD-4316-4E0D-A5CD-0C28930D0B04}.Release|Any CPU.ActiveCfg = Release|Any CPU
		{430BF0AD-4316-4E0D-A5CD-0C28930D0B04}.Release|Any CPU.Build.0 = Release|Any CPU
	EndGlobalSection
	GlobalSection(SolutionProperties) = preSolution
		HideSolutionNode = FALSE
	EndGlobalSection
EndGlobal
